
Microsoft Visual Studio Solution File, Format Version 12.00
# Visual Studio 15
VisualStudioVersion = 15.0.27130.2010
MinimumVisualStudioVersion = 10.0.40219.1
Project("{FAE04EC0-301F-11D3-BF4B-00C04F79EFBC}") = "Sudoko", "Sudoko\Sudoko.csproj", "{ABC0411C-1108-4348-A287-D69F59339ADA}"
EndProject
Global
	GlobalSection(SolutionConfigurationPlatforms) = preSolution
		Debug|Any CPU = Debug|Any CPU
		Release|Any CPU = Release|Any CPU
	EndGlobalSection
	GlobalSection(ProjectConfigurationPlatforms) = postSolution
		{ABC0411C-1108-4348-A287-D69F59339ADA}.Debug|Any CPU.ActiveCfg = Debug|Any CPU
		{ABC0411C-1108-4348-A287-D69F59339ADA}.Debug|Any CPU.Build.0 = Debug|Any CPU
		{ABC0411C-1108-4348-A287-D69F59339ADA}.Release|Any CPU.ActiveCfg = Release|Any CPU
		{ABC0411C-1108-4348-A287-D69F59339ADA}.Release|Any CPU.Build.0 = Release|Any CPU
	EndGlobalSection
	GlobalSection(SolutionProperties) = preSolution
		HideSolutionNode = FALSE
	EndGlobalSection
	GlobalSection(ExtensibilityGlobals) = postSolution
		SolutionGuid = {BE25C7E5-B414-4C04-9A9F-C8361BE0AF2B}
	EndGlobalSection
EndGlobal
